
Microsoft Visual Studio Solution File, Format Version 12.00
# Visual Studio Version 17
VisualStudioVersion = 17.8.34330.188
MinimumVisualStudioVersion = 10.0.40219.1
Project("{9A19103F-16F7-4668-BE54-9A1E7A4F7556}") = "NZWalks.API", "NZWalks.API\NZWalks.API.csproj", "{C72E22A1-6B11-49DC-BCB8-DDE1918A66DD}"
EndProject
Project("{FAE04EC0-301F-11D3-BF4B-00C04F79EFBC}") = "NZWalks.UI", "NZWalks.UI\NZWalks.UI.csproj", "{614A6AA2-77FD-4AB2-8A9A-9D5B72580B80}"
EndProject
Global
	GlobalSection(SolutionConfigurationPlatforms) = preSolution
		Debug|Any CPU = Debug|Any CPU
		Release|Any CPU = Release|Any CPU
	EndGlobalSection
	GlobalSection(ProjectConfigurationPlatforms) = postSolution
		{C72E22A1-6B11-49DC-BCB8-DDE1918A66DD}.Debug|Any CPU.ActiveCfg = Debug|Any CPU
		{C72E22A1-6B11-49DC-BCB8-DDE1918A66DD}.Debug|Any CPU.Build.0 = Debug|Any CPU
		{C72E22A1-6B11-49DC-BCB8-DDE1918A66DD}.Release|Any CPU.ActiveCfg = Release|Any CPU
		{C72E22A1-6B11-49DC-BCB8-DDE1918A66DD}.Release|Any CPU.Build.0 = Release|Any CPU
		{614A6AA2-77FD-4AB2-8A9A-9D5B72580B80}.Debug|Any CPU.ActiveCfg = Debug|Any CPU
		{614A6AA2-77FD-4AB2-8A9A-9D5B72580B80}.Debug|Any CPU.Build.0 = Debug|Any CPU
		{614A6AA2-77FD-4AB2-8A9A-9D5B72580B80}.Release|Any CPU.ActiveCfg = Release|Any CPU
		{614A6AA2-77FD-4AB2-8A9A-9D5B72580B80}.Release|Any CPU.Build.0 = Release|Any CPU
	EndGlobalSection
	GlobalSection(SolutionProperties) = preSolution
		HideSolutionNode = FALSE
	EndGlobalSection
	GlobalSection(ExtensibilityGlobals) = postSolution
		SolutionGuid = {7BD397C9-6668-46C7-A5F9-65AE8B7443A4}
	EndGlobalSection
EndGlobal
